
Microsoft Visual Studio Solution File, Format Version 12.00
# Visual Studio Version 16
VisualStudioVersion = 16.0.30523.141
MinimumVisualStudioVersion = 10.0.40219.1
Project("{8BC9CEB8-8B4A-11D0-8D11-00A0C91BC942}") = "LearnBoost", "LearnBoost.vcxproj", "{ACFFDA57-0D90-4555-BDB1-7D5E48AAA703}"
EndProject
Global
	GlobalSection(SolutionConfigurationPlatforms) = preSolution
		Debug|x64 = Debug|x64
		Debug|x86 = Debug|x86
		Release|x64 = Release|x64
		Release|x86 = Release|x86
	EndGlobalSection
	GlobalSection(ProjectConfigurationPlatforms) = postSolution
		{ACFFDA57-0D90-4555-BDB1-7D5E48AAA703}.Debug|x64.ActiveCfg = Debug|x64
		{ACFFDA57-0D90-4555-BDB1-7D5E48AAA703}.Debug|x64.Build.0 = Debug|x64
		{ACFFDA57-0D90-4555-BDB1-7D5E48AAA703}.Debug|x86.ActiveCfg = Debug|Win32
		{ACFFDA57-0D90-4555-BDB1-7D5E48AAA703}.Debug|x86.Build.0 = Debug|Win32
		{ACFFDA57-0D90-4555-BDB1-7D5E48AAA703}.Release|x64.ActiveCfg = Release|x64
		{ACFFDA57-0D90-4555-BDB1-7D5E48AAA703}.Release|x64.Build.0 = Release|x64
		{ACFFDA57-0D90-4555-BDB1-7D5E48AAA703}.Release|x86.ActiveCfg = Release|Win32
		{ACFFDA57-0D90-4555-BDB1-7D5E48AAA703}.Release|x86.Build.0 = Release|Win32
	EndGlobalSection
	GlobalSection(SolutionProperties) = preSolution
		HideSolutionNode = FALSE
	EndGlobalSection
	GlobalSection(ExtensibilityGlobals) = postSolution
		SolutionGuid = {A6F3258D-52E3-451F-871F-0AF0B86F9AE5}
	EndGlobalSection
EndGlobal
